
Microsoft Visual Studio Solution File, Format Version 12.00
# Visual Studio Version 16
VisualStudioVersion = 16.0.31005.135
MinimumVisualStudioVersion = 10.0.40219.1
Project("{FAE04EC0-301F-11D3-BF4B-00C04F79EFBC}") = "3_30_gardenBozes", "3_30_gardenBozes\3_30_gardenBozes.csproj", "{6C9A45C2-75EF-4FF8-8542-BF54F6996197}"
EndProject
Global
	GlobalSection(SolutionConfigurationPlatforms) = preSolution
		Debug|Any CPU = Debug|Any CPU
		Release|Any CPU = Release|Any CPU
	EndGlobalSection
	GlobalSection(ProjectConfigurationPlatforms) = postSolution
		{6C9A45C2-75EF-4FF8-8542-BF54F6996197}.Debug|Any CPU.ActiveCfg = Debug|Any CPU
		{6C9A45C2-75EF-4FF8-8542-BF54F6996197}.Debug|Any CPU.Build.0 = Debug|Any CPU
		{6C9A45C2-75EF-4FF8-8542-BF54F6996197}.Release|Any CPU.ActiveCfg = Release|Any CPU
		{6C9A45C2-75EF-4FF8-8542-BF54F6996197}.Release|Any CPU.Build.0 = Release|Any CPU
	EndGlobalSection
	GlobalSection(SolutionProperties) = preSolution
		HideSolutionNode = FALSE
	EndGlobalSection
	GlobalSection(ExtensibilityGlobals) = postSolution
		SolutionGuid = {29FA8108-6B98-4371-9444-BFA42CA5DC6A}
	EndGlobalSection
EndGlobal
